
Microsoft Visual Studio Solution File, Format Version 12.00
# Visual Studio Version 17
VisualStudioVersion = 17.0.31903.59
MinimumVisualStudioVersion = 10.0.40219.1
Project("{2150E333-8FDC-42A3-9474-1A3956D46DE8}") = "src", "src", "{4DC86C72-17AD-4525-B4C4-0AD2CF09E70A}"
EndProject
Project("{FAE04EC0-301F-11D3-BF4B-00C04F79EFBC}") = "MqttClient", "src\MqttClient\MqttClient.csproj", "{A38209DB-3CD1-4546-BC16-DBE79EF876AE}"
EndProject
Global
	GlobalSection(SolutionConfigurationPlatforms) = preSolution
		Debug|Any CPU = Debug|Any CPU
		Release|Any CPU = Release|Any CPU
	EndGlobalSection
	GlobalSection(SolutionProperties) = preSolution
		HideSolutionNode = FALSE
	EndGlobalSection
	GlobalSection(NestedProjects) = preSolution
		{A38209DB-3CD1-4546-BC16-DBE79EF876AE} = {4DC86C72-17AD-4525-B4C4-0AD2CF09E70A}
	EndGlobalSection
	GlobalSection(ProjectConfigurationPlatforms) = postSolution
		{A38209DB-3CD1-4546-BC16-DBE79EF876AE}.Debug|Any CPU.ActiveCfg = Debug|Any CPU
		{A38209DB-3CD1-4546-BC16-DBE79EF876AE}.Debug|Any CPU.Build.0 = Debug|Any CPU
		{A38209DB-3CD1-4546-BC16-DBE79EF876AE}.Release|Any CPU.ActiveCfg = Release|Any CPU
		{A38209DB-3CD1-4546-BC16-DBE79EF876AE}.Release|Any CPU.Build.0 = Release|Any CPU
	EndGlobalSection
EndGlobal
